
Microsoft Visual Studio Solution File, Format Version 12.00
# Visual Studio Version 16
VisualStudioVersion = 16.0.30907.101
MinimumVisualStudioVersion = 10.0.40219.1
Project("{9A19103F-16F7-4668-BE54-9A1E7A4F7556}") = "OOP1", "OOP1\OOP1.csproj", "{47DB23EA-3737-4805-9245-531B844075D9}"
EndProject
Project("{9A19103F-16F7-4668-BE54-9A1E7A4F7556}") = "Koleksiyonlar", "Koleksiyonlar\Koleksiyonlar.csproj", "{4BB63607-EAED-47C2-AE79-CE1AC2A5FADC}"
EndProject
Project("{9A19103F-16F7-4668-BE54-9A1E7A4F7556}") = "GenericsIntro", "GenericsIntro\GenericsIntro.csproj", "{93A8F90D-6753-4BDF-9FF3-54EAA0B856A4}"
EndProject
Project("{FAE04EC0-301F-11D3-BF4B-00C04F79EFBC}") = "OOP2", "OOP2\OOP2.csproj", "{2F1B01E3-4EDE-49E7-B215-E4344826980B}"
EndProject
Project("{FAE04EC0-301F-11D3-BF4B-00C04F79EFBC}") = "OPP3", "OPP3\OPP3.csproj", "{1A668250-5259-4FB2-9531-47BE5F98B65B}"
EndProject
Global
	GlobalSection(SolutionConfigurationPlatforms) = preSolution
		Debug|Any CPU = Debug|Any CPU
		Release|Any CPU = Release|Any CPU
	EndGlobalSection
	GlobalSection(ProjectConfigurationPlatforms) = postSolution
		{47DB23EA-3737-4805-9245-531B844075D9}.Debug|Any CPU.ActiveCfg = Debug|Any CPU
		{47DB23EA-3737-4805-9245-531B844075D9}.Debug|Any CPU.Build.0 = Debug|Any CPU
		{47DB23EA-3737-4805-9245-531B844075D9}.Release|Any CPU.ActiveCfg = Release|Any CPU
		{47DB23EA-3737-4805-9245-531B844075D9}.Release|Any CPU.Build.0 = Release|Any CPU
		{4BB63607-EAED-47C2-AE79-CE1AC2A5FADC}.Debug|Any CPU.ActiveCfg = Debug|Any CPU
		{4BB63607-EAED-47C2-AE79-CE1AC2A5FADC}.Debug|Any CPU.Build.0 = Debug|Any CPU
		{4BB63607-EAED-47C2-AE79-CE1AC2A5FADC}.Release|Any CPU.ActiveCfg = Release|Any CPU
		{4BB63607-EAED-47C2-AE79-CE1AC2A5FADC}.Release|Any CPU.Build.0 = Release|Any CPU
		{93A8F90D-6753-4BDF-9FF3-54EAA0B856A4}.Debug|Any CPU.ActiveCfg = Debug|Any CPU
		{93A8F90D-6753-4BDF-9FF3-54EAA0B856A4}.Debug|Any CPU.Build.0 = Debug|Any CPU
		{93A8F90D-6753-4BDF-9FF3-54EAA0B856A4}.Release|Any CPU.ActiveCfg = Release|Any CPU
		{93A8F90D-6753-4BDF-9FF3-54EAA0B856A4}.Release|Any CPU.Build.0 = Release|Any CPU
		{2F1B01E3-4EDE-49E7-B215-E4344826980B}.Debug|Any CPU.ActiveCfg = Debug|Any CPU
		{2F1B01E3-4EDE-49E7-B215-E4344826980B}.Debug|Any CPU.Build.0 = Debug|Any CPU
		{2F1B01E3-4EDE-49E7-B215-E4344826980B}.Release|Any CPU.ActiveCfg = Release|Any CPU
		{2F1B01E3-4EDE-49E7-B215-E4344826980B}.Release|Any CPU.Build.0 = Release|Any CPU
		{1A668250-5259-4FB2-9531-47BE5F98B65B}.Debug|Any CPU.ActiveCfg = Debug|Any CPU
		{1A668250-5259-4FB2-9531-47BE5F98B65B}.Debug|Any CPU.Build.0 = Debug|Any CPU
		{1A668250-5259-4FB2-9531-47BE5F98B65B}.Release|Any CPU.ActiveCfg = Release|Any CPU
		{1A668250-5259-4FB2-9531-47BE5F98B65B}.Release|Any CPU.Build.0 = Release|Any CPU
	EndGlobalSection
	GlobalSection(SolutionProperties) = preSolution
		HideSolutionNode = FALSE
	EndGlobalSection
	GlobalSection(ExtensibilityGlobals) = postSolution
		SolutionGuid = {173CDF1F-2862-4F12-B0AF-0401A842640D}
	EndGlobalSection
EndGlobal
